
Microsoft Visual Studio Solution File, Format Version 12.00
# Visual Studio Version 16
VisualStudioVersion = 16.0.30804.86
MinimumVisualStudioVersion = 10.0.40219.1
Project("{FAE04EC0-301F-11D3-BF4B-00C04F79EFBC}") = "SnakeOOP", "SnakeOOP\SnakeOOP.csproj", "{99EB88F1-A056-440A-8E6A-B63A2F2A5E42}"
EndProject
Global
	GlobalSection(SolutionConfigurationPlatforms) = preSolution
		Debug|Any CPU = Debug|Any CPU
		Release|Any CPU = Release|Any CPU
	EndGlobalSection
	GlobalSection(ProjectConfigurationPlatforms) = postSolution
		{99EB88F1-A056-440A-8E6A-B63A2F2A5E42}.Debug|Any CPU.ActiveCfg = Debug|Any CPU
		{99EB88F1-A056-440A-8E6A-B63A2F2A5E42}.Debug|Any CPU.Build.0 = Debug|Any CPU
		{99EB88F1-A056-440A-8E6A-B63A2F2A5E42}.Release|Any CPU.ActiveCfg = Release|Any CPU
		{99EB88F1-A056-440A-8E6A-B63A2F2A5E42}.Release|Any CPU.Build.0 = Release|Any CPU
	EndGlobalSection
	GlobalSection(SolutionProperties) = preSolution
		HideSolutionNode = FALSE
	EndGlobalSection
	GlobalSection(ExtensibilityGlobals) = postSolution
		SolutionGuid = {106E6A82-7134-45E3-949C-3A209FFBB239}
	EndGlobalSection
EndGlobal
